
Microsoft Visual Studio Solution File, Format Version 12.00
Project("{FAE04EC0-301F-11D3-BF4B-00C04F79EFBC}") = "KIlian.Training", "KIlian.Training\KIlian.Training.csproj", "{12E65A8C-6DF0-4CA1-8EDB-7136A3F92A19}"
EndProject
Project("{FAE04EC0-301F-11D3-BF4B-00C04F79EFBC}") = "CommandLineExtensions", "CommandLineExtensions\CommandLineExtensions.csproj", "{9B960E7A-A073-4F11-9ED5-EFE9966BF54B}"
EndProject
Project("{FAE04EC0-301F-11D3-BF4B-00C04F79EFBC}") = "KIlian", "KIlian\KIlian.csproj", "{D21E8838-ACDE-4D19-B722-CA23BE0C00FD}"
EndProject
Global
	GlobalSection(SolutionConfigurationPlatforms) = preSolution
		Debug|Any CPU = Debug|Any CPU
		Release|Any CPU = Release|Any CPU
	EndGlobalSection
	GlobalSection(ProjectConfigurationPlatforms) = postSolution
		{12E65A8C-6DF0-4CA1-8EDB-7136A3F92A19}.Debug|Any CPU.ActiveCfg = Debug|Any CPU
		{12E65A8C-6DF0-4CA1-8EDB-7136A3F92A19}.Debug|Any CPU.Build.0 = Debug|Any CPU
		{12E65A8C-6DF0-4CA1-8EDB-7136A3F92A19}.Release|Any CPU.ActiveCfg = Release|Any CPU
		{12E65A8C-6DF0-4CA1-8EDB-7136A3F92A19}.Release|Any CPU.Build.0 = Release|Any CPU
		{9B960E7A-A073-4F11-9ED5-EFE9966BF54B}.Debug|Any CPU.ActiveCfg = Debug|Any CPU
		{9B960E7A-A073-4F11-9ED5-EFE9966BF54B}.Debug|Any CPU.Build.0 = Debug|Any CPU
		{9B960E7A-A073-4F11-9ED5-EFE9966BF54B}.Release|Any CPU.ActiveCfg = Release|Any CPU
		{9B960E7A-A073-4F11-9ED5-EFE9966BF54B}.Release|Any CPU.Build.0 = Release|Any CPU
		{D21E8838-ACDE-4D19-B722-CA23BE0C00FD}.Debug|Any CPU.ActiveCfg = Debug|Any CPU
		{D21E8838-ACDE-4D19-B722-CA23BE0C00FD}.Debug|Any CPU.Build.0 = Debug|Any CPU
		{D21E8838-ACDE-4D19-B722-CA23BE0C00FD}.Release|Any CPU.ActiveCfg = Release|Any CPU
		{D21E8838-ACDE-4D19-B722-CA23BE0C00FD}.Release|Any CPU.Build.0 = Release|Any CPU
	EndGlobalSection
EndGlobal
